
Microsoft Visual Studio Solution File, Format Version 12.00
# Visual Studio Version 17
VisualStudioVersion = 17.13.35825.156
MinimumVisualStudioVersion = 10.0.40219.1
Project("{2150E333-8FDC-42A3-9474-1A3956D46DE8}") = "ProjectModel", "ProjectModel", "{02EA681E-C7D8-13C7-8484-4AC65E1B71E8}"
EndProject
Project("{FAE04EC0-301F-11D3-BF4B-00C04F79EFBC}") = "WPFNetFramePrismMD", "ProjectModel\WPFNetFramePrismMD\WPFNetFramePrismMD.csproj", "{F1F2A01E-B8FF-4BEF-9F49-CA1AE20C6F6A}"
EndProject
Project("{2150E333-8FDC-42A3-9474-1A3956D46DE8}") = "BaseLib", "BaseLib", "{3C48756F-EA39-4B53-934D-0C1301438AE0}"
EndProject
Project("{FAE04EC0-301F-11D3-BF4B-00C04F79EFBC}") = "FeiyaoAutoBaseLib", "BaseLib\FeiyaoAutoBaseLib\FeiyaoAutoBaseLib.csproj", "{9558FECC-903F-4248-94CC-AF753CB1274D}"
EndProject
Project("{2150E333-8FDC-42A3-9474-1A3956D46DE8}") = "Teacherliutiemeng", "Teacherliutiemeng", "{42C1AD3A-8063-4169-B2A8-DB70F01850BA}"
EndProject
Project("{FAE04EC0-301F-11D3-BF4B-00C04F79EFBC}") = "FindTeacherLiu", "TeacherLiutiMeng\FindTeacherLiu\FindTeacherLiu.csproj", "{71EC2954-0922-4F5E-8AA1-3E7D32C13CAC}"
EndProject
Project("{2150E333-8FDC-42A3-9474-1A3956D46DE8}") = "VBnetDemo", "VBnetDemo", "{80AB791A-7188-46F5-BF40-D0EA90E6FD10}"
EndProject
Project("{F184B08F-C81C-45F6-A57F-5ABD9991F28F}") = "VBnetdemo", "VBnetdemo\VBnetdemo\VBnetdemo.vbproj", "{5480A307-23C5-4B82-A39F-73A8F156D54C}"
EndProject
Global
	GlobalSection(SolutionConfigurationPlatforms) = preSolution
		Debug|Any CPU = Debug|Any CPU
		Release|Any CPU = Release|Any CPU
	EndGlobalSection
	GlobalSection(ProjectConfigurationPlatforms) = postSolution
		{F1F2A01E-B8FF-4BEF-9F49-CA1AE20C6F6A}.Debug|Any CPU.ActiveCfg = Debug|Any CPU
		{F1F2A01E-B8FF-4BEF-9F49-CA1AE20C6F6A}.Debug|Any CPU.Build.0 = Debug|Any CPU
		{F1F2A01E-B8FF-4BEF-9F49-CA1AE20C6F6A}.Release|Any CPU.ActiveCfg = Release|Any CPU
		{F1F2A01E-B8FF-4BEF-9F49-CA1AE20C6F6A}.Release|Any CPU.Build.0 = Release|Any CPU
		{9558FECC-903F-4248-94CC-AF753CB1274D}.Debug|Any CPU.ActiveCfg = Debug|Any CPU
		{9558FECC-903F-4248-94CC-AF753CB1274D}.Debug|Any CPU.Build.0 = Debug|Any CPU
		{9558FECC-903F-4248-94CC-AF753CB1274D}.Release|Any CPU.ActiveCfg = Release|Any CPU
		{9558FECC-903F-4248-94CC-AF753CB1274D}.Release|Any CPU.Build.0 = Release|Any CPU
		{71EC2954-0922-4F5E-8AA1-3E7D32C13CAC}.Debug|Any CPU.ActiveCfg = Debug|Any CPU
		{71EC2954-0922-4F5E-8AA1-3E7D32C13CAC}.Debug|Any CPU.Build.0 = Debug|Any CPU
		{71EC2954-0922-4F5E-8AA1-3E7D32C13CAC}.Release|Any CPU.ActiveCfg = Release|Any CPU
		{71EC2954-0922-4F5E-8AA1-3E7D32C13CAC}.Release|Any CPU.Build.0 = Release|Any CPU
		{5480A307-23C5-4B82-A39F-73A8F156D54C}.Debug|Any CPU.ActiveCfg = Debug|Any CPU
		{5480A307-23C5-4B82-A39F-73A8F156D54C}.Debug|Any CPU.Build.0 = Debug|Any CPU
		{5480A307-23C5-4B82-A39F-73A8F156D54C}.Release|Any CPU.ActiveCfg = Release|Any CPU
		{5480A307-23C5-4B82-A39F-73A8F156D54C}.Release|Any CPU.Build.0 = Release|Any CPU
	EndGlobalSection
	GlobalSection(SolutionProperties) = preSolution
		HideSolutionNode = FALSE
	EndGlobalSection
	GlobalSection(NestedProjects) = preSolution
		{F1F2A01E-B8FF-4BEF-9F49-CA1AE20C6F6A} = {02EA681E-C7D8-13C7-8484-4AC65E1B71E8}
		{9558FECC-903F-4248-94CC-AF753CB1274D} = {3C48756F-EA39-4B53-934D-0C1301438AE0}
		{71EC2954-0922-4F5E-8AA1-3E7D32C13CAC} = {42C1AD3A-8063-4169-B2A8-DB70F01850BA}
		{5480A307-23C5-4B82-A39F-73A8F156D54C} = {80AB791A-7188-46F5-BF40-D0EA90E6FD10}
	EndGlobalSection
	GlobalSection(ExtensibilityGlobals) = postSolution
		SolutionGuid = {BD735779-9E40-4FB4-9576-5EA3DDD33ED5}
	EndGlobalSection
EndGlobal
